
Microsoft Visual Studio Solution File, Format Version 12.00
# Visual Studio Version 17
VisualStudioVersion = 17.4.33403.182
MinimumVisualStudioVersion = 10.0.40219.1
Project("{FAE04EC0-301F-11D3-BF4B-00C04F79EFBC}") = "xadrez", "xadrez\xadrez.csproj", "{D2A171DE-CF64-41FE-96F2-D9E31BD0DF09}"
EndProject
Global
	GlobalSection(SolutionConfigurationPlatforms) = preSolution
		Debug|Any CPU = Debug|Any CPU
		Release|Any CPU = Release|Any CPU
	EndGlobalSection
	GlobalSection(ProjectConfigurationPlatforms) = postSolution
		{D2A171DE-CF64-41FE-96F2-D9E31BD0DF09}.Debug|Any CPU.ActiveCfg = Debug|Any CPU
		{D2A171DE-CF64-41FE-96F2-D9E31BD0DF09}.Debug|Any CPU.Build.0 = Debug|Any CPU
		{D2A171DE-CF64-41FE-96F2-D9E31BD0DF09}.Release|Any CPU.ActiveCfg = Release|Any CPU
		{D2A171DE-CF64-41FE-96F2-D9E31BD0DF09}.Release|Any CPU.Build.0 = Release|Any CPU
	EndGlobalSection
	GlobalSection(SolutionProperties) = preSolution
		HideSolutionNode = FALSE
	EndGlobalSection
	GlobalSection(ExtensibilityGlobals) = postSolution
		SolutionGuid = {EB00E601-F294-4A64-B216-BAD690FF2C17}
	EndGlobalSection
EndGlobal
